{
    "_meta": {
        "hash": {
            "sha256": "d183f032dd3de5013dc121a9f7d3e3a389cd5711072dae71a04ecdc93fe0eb87"
        },
        "pipfile-spec": 6,
        "requires": {
            "python_version": "3"
        },
        "sources": [
            {
                "name": "pypi",
                "url": "https://pypi.org/simple",
                "verify_ssl": true
            }
        ]
    },
    "default": {
        "asgiref": {
            "hashes": [
                "sha256:89b2ef2247e3b562a16eef663bc0e2e703ec6468e2fa8a5cd61cd449786d4f6e",
                "sha256:9e0ce3aa93a819ba5b45120216b23878cf6e8525eb3848653452b4192b92afed"
            ],
            "markers": "python_version >= '3.7'",
            "version": "==3.7.2"
        },
        "beautifulsoup4": {
            "hashes": [
                "sha256:4c98143716ef1cb40bf7f39a8e3eec8f8b009509e74904ba3a7b315431577e35",
                "sha256:84729e322ad1d5b4d25f805bfa05b902dd96450f43842c4e99067d5e1369eb25",
                "sha256:fff47e031e34ec82bf17e00da8f592fe7de69aeea38be00523c04623c04fb666"
            ],
            "version": "==4.9.3"
        },
        "django": {
            "hashes": [
                "sha256:7ca38a78654aee72378594d63e51636c04b8e28574f5505dff630895b5472777",
                "sha256:a52ea7fcf280b16f7b739cec38fa6d3f8953a5456986944c3ca97e79882b4e38"
            ],
            "index": "pypi",
            "markers": "python_version >= '3.6'",
            "version": "==3.2.25"
        },
        "django-bootstrap-v5": {
            "hashes": [
                "sha256:88824438176d5c9eb8a4b99b2d20944b42de505be6418f51500f3bdd46553546",
                "sha256:f1f84827efaeeb224f176ef5a6b019b86753a839d6a149a497770eaad9dbd191"
            ],
            "index": "pypi",
            "version": "==1.0.5"
        },
        "huey": {
            "hashes": [
                "sha256:7176acb113850824490da5a31f328cc48a2002a59bfb396efbab8ecbd3573910"
            ],
            "index": "pypi",
            "version": "==2.3.2"
        },
        "importlib-metadata": {
            "hashes": [
                "sha256:2ec0faae539743ae6aaa84b49a169670a465f7f5d64e6add98388cc29fd1f2f6",
                "sha256:c9356b657de65c53744046fa8f7358afe0714a1af7d570c00c3835c2d724a7c1"
            ],
            "markers": "python_version < '3.9'",
            "version": "==3.10.1"
        },
        "pytz": {
            "hashes": [
                "sha256:2a29735ea9c18baf14b448846bde5a48030ed267578472d8955cd0e7443a9812",
                "sha256:328171f4e3623139da4983451950b28e95ac706e13f3f2630a879749e7a8b319"
            ],
            "version": "==2024.1"
        },
        "soupsieve": {
            "hashes": [
                "sha256:052774848f448cf19c7e959adf5566904d525f33a3f8b6ba6f6f8f26ec7de0cc",
                "sha256:c2c1c2d44f158cdbddab7824a9af8c4f83c76b1e23e049479aa432feb6c4c23b"
            ],
            "markers": "python_version >= '3.0'",
            "version": "==2.2.1"
        },
        "sqlparse": {
            "hashes": [
                "sha256:5430a4fe2ac7d0f93e66f1efc6e1338a41884b7ddf2a350cedd20ccc4d9d28f3",
                "sha256:d446183e84b8349fa3061f0fe7f06ca94ba65b426946ffebe6e3e8295332420c"
            ],
            "markers": "python_version >= '3.5'",
            "version": "==0.4.4"
        },
        "zipp": {
            "hashes": [
                "sha256:2828e64edb5386ea6a52e7ba7cdb17bb30a73a858f5eb6eb93d8d36f5ea26091",
                "sha256:35427f6d5594f4acf82d25541438348c26736fa9b3afa2754bcd63cdb99d8e8f"
            ],
            "index": "pypi",
            "markers": "python_version >= '3.8'",
            "version": "==3.19.1"
        }
    },
    "develop": {}
}
